// !$*UTF8*$!
{
	archiveVersion = 1;
	classes = {
	};
	objectVersion = 56;
	objects = {

/* Begin PBXBuildFile section */
		1BFBA93E2C082C13002BDFB4 /* TouchdownApp.swift in Sources */ = {isa = PBXBuildFile; fileRef = 1BFBA93D2C082C13002BDFB4 /* TouchdownApp.swift */; };
		1BFBA9402C082C13002BDFB4 /* ContentView.swift in Sources */ = {isa = PBXBuildFile; fileRef = 1BFBA93F2C082C13002BDFB4 /* ContentView.swift */; };
		1BFBA9422C082C18002BDFB4 /* Assets.xcassets in Resources */ = {isa = PBXBuildFile; fileRef = 1BFBA9412C082C18002BDFB4 /* Assets.xcassets */; };
		1BFBA9452C082C18002BDFB4 /* Preview Assets.xcassets in Resources */ = {isa = PBXBuildFile; fileRef = 1BFBA9442C082C18002BDFB4 /* Preview Assets.xcassets */; };
		1BFBA9502C082CD3002BDFB4 /* brand.json in Resources */ = {isa = PBXBuildFile; fileRef = 1BFBA94B2C082CD3002BDFB4 /* brand.json */; };
		1BFBA9512C082CD3002BDFB4 /* category.json in Resources */ = {isa = PBXBuildFile; fileRef = 1BFBA94C2C082CD3002BDFB4 /* category.json */; };
		1BFBA9522C082CD3002BDFB4 /* player.json in Resources */ = {isa = PBXBuildFile; fileRef = 1BFBA94D2C082CD3002BDFB4 /* player.json */; };
		1BFBA9532C082CD3002BDFB4 /* product.json in Resources */ = {isa = PBXBuildFile; fileRef = 1BFBA94E2C082CD3002BDFB4 /* product.json */; };
		1BFBA95D2C082D99002BDFB4 /* Constant.swift in Sources */ = {isa = PBXBuildFile; fileRef = 1BFBA95C2C082D99002BDFB4 /* Constant.swift */; };
		1BFBA95F2C082DF4002BDFB4 /* FooterView.swift in Sources */ = {isa = PBXBuildFile; fileRef = 1BFBA95E2C082DF4002BDFB4 /* FooterView.swift */; };
		1BFBA9612C082F8E002BDFB4 /* NavigationBarView.swift in Sources */ = {isa = PBXBuildFile; fileRef = 1BFBA9602C082F8E002BDFB4 /* NavigationBarView.swift */; };
		1BFBA9632C0830AF002BDFB4 /* LogoView.swift in Sources */ = {isa = PBXBuildFile; fileRef = 1BFBA9622C0830AF002BDFB4 /* LogoView.swift */; };
		1BFBA9652C08330A002BDFB4 /* PlayerModel.swift in Sources */ = {isa = PBXBuildFile; fileRef = 1BFBA9642C08330A002BDFB4 /* PlayerModel.swift */; };
		1BFBA9672C083330002BDFB4 /* CodableBundleExtension.swift in Sources */ = {isa = PBXBuildFile; fileRef = 1BFBA9662C083330002BDFB4 /* CodableBundleExtension.swift */; };
		1BFBA9692C083455002BDFB4 /* FeaturedItemView.swift in Sources */ = {isa = PBXBuildFile; fileRef = 1BFBA9682C083455002BDFB4 /* FeaturedItemView.swift */; };
		1BFBA96B2C0834A4002BDFB4 /* FeaturedTabView.swift in Sources */ = {isa = PBXBuildFile; fileRef = 1BFBA96A2C0834A4002BDFB4 /* FeaturedTabView.swift */; };
		1BFBA96D2C0836C4002BDFB4 /* CategoryModel.swift in Sources */ = {isa = PBXBuildFile; fileRef = 1BFBA96C2C0836C4002BDFB4 /* CategoryModel.swift */; };
		1BFBA96F2C083747002BDFB4 /* CategoryItemView.swift in Sources */ = {isa = PBXBuildFile; fileRef = 1BFBA96E2C083747002BDFB4 /* CategoryItemView.swift */; };
		1BFBA9712C083873002BDFB4 /* CategoryGridView.swift in Sources */ = {isa = PBXBuildFile; fileRef = 1BFBA9702C083873002BDFB4 /* CategoryGridView.swift */; };
		1BFBA9732C08392E002BDFB4 /* SectionView.swift in Sources */ = {isa = PBXBuildFile; fileRef = 1BFBA9722C08392E002BDFB4 /* SectionView.swift */; };
		1BFBA9752C083E67002BDFB4 /* TitleView.swift in Sources */ = {isa = PBXBuildFile; fileRef = 1BFBA9742C083E67002BDFB4 /* TitleView.swift */; };
		1BFBA9772C083F21002BDFB4 /* ProductModel.swift in Sources */ = {isa = PBXBuildFile; fileRef = 1BFBA9762C083F21002BDFB4 /* ProductModel.swift */; };
		1BFBA9792C083F6A002BDFB4 /* ProductItemView.swift in Sources */ = {isa = PBXBuildFile; fileRef = 1BFBA9782C083F6A002BDFB4 /* ProductItemView.swift */; };
		1BFBA97B2C0840D5002BDFB4 /* BrandModel.swift in Sources */ = {isa = PBXBuildFile; fileRef = 1BFBA97A2C0840D5002BDFB4 /* BrandModel.swift */; };
		1BFBA97D2C084102002BDFB4 /* BrandItemView.swift in Sources */ = {isa = PBXBuildFile; fileRef = 1BFBA97C2C084102002BDFB4 /* BrandItemView.swift */; };
		1BFBA97F2C0841C0002BDFB4 /* BrandGridView.swift in Sources */ = {isa = PBXBuildFile; fileRef = 1BFBA97E2C0841C0002BDFB4 /* BrandGridView.swift */; };
		1BFBA9812C08437A002BDFB4 /* ProductDetailView.swift in Sources */ = {isa = PBXBuildFile; fileRef = 1BFBA9802C08437A002BDFB4 /* ProductDetailView.swift */; };
		1BFBA9832C0844CA002BDFB4 /* NavigationBarDetailView.swift in Sources */ = {isa = PBXBuildFile; fileRef = 1BFBA9822C0844CA002BDFB4 /* NavigationBarDetailView.swift */; };
		1BFBA9852C084595002BDFB4 /* HeaderDetailView.swift in Sources */ = {isa = PBXBuildFile; fileRef = 1BFBA9842C084595002BDFB4 /* HeaderDetailView.swift */; };
		1BFBA9872C08461C002BDFB4 /* TopPartDetailView.swift in Sources */ = {isa = PBXBuildFile; fileRef = 1BFBA9862C08461C002BDFB4 /* TopPartDetailView.swift */; };
		1BFBA9892C0848E6002BDFB4 /* CustomShape.swift in Sources */ = {isa = PBXBuildFile; fileRef = 1BFBA9882C0848E6002BDFB4 /* CustomShape.swift */; };
		1BFBA98B2C084B43002BDFB4 /* RatingsSizesDetailView.swift in Sources */ = {isa = PBXBuildFile; fileRef = 1BFBA98A2C084B43002BDFB4 /* RatingsSizesDetailView.swift */; };
		1BFBA98D2C084E49002BDFB4 /* QuantityFavoriteDetailView.swift in Sources */ = {isa = PBXBuildFile; fileRef = 1BFBA98C2C084E49002BDFB4 /* QuantityFavoriteDetailView.swift */; };
		1BFBA98F2C084F22002BDFB4 /* AddToCartDetailView.swift in Sources */ = {isa = PBXBuildFile; fileRef = 1BFBA98E2C084F22002BDFB4 /* AddToCartDetailView.swift */; };
		1BFBA9912C0852D8002BDFB4 /* Shop.swift in Sources */ = {isa = PBXBuildFile; fileRef = 1BFBA9902C0852D7002BDFB4 /* Shop.swift */; };
/* End PBXBuildFile section */

/* Begin PBXFileReference section */
		1BFBA93A2C082C13002BDFB4 /* Touchdown.app */ = {isa = PBXFileReference; explicitFileType = wrapper.application; includeInIndex = 0; path = Touchdown.app; sourceTree = BUILT_PRODUCTS_DIR; };
		1BFBA93D2C082C13002BDFB4 /* TouchdownApp.swift */ = {isa = PBXFileReference; lastKnownFileType = sourcecode.swift; path = TouchdownApp.swift; sourceTree = "<group>"; };
		1BFBA93F2C082C13002BDFB4 /* ContentView.swift */ = {isa = PBXFileReference; lastKnownFileType = sourcecode.swift; path = ContentView.swift; sourceTree = "<group>"; };
		1BFBA9412C082C18002BDFB4 /* Assets.xcassets */ = {isa = PBXFileReference; lastKnownFileType = folder.assetcatalog; path = Assets.xcassets; sourceTree = "<group>"; };
		1BFBA9442C082C18002BDFB4 /* Preview Assets.xcassets */ = {isa = PBXFileReference; lastKnownFileType = folder.assetcatalog; path = "Preview Assets.xcassets"; sourceTree = "<group>"; };
		1BFBA94B2C082CD3002BDFB4 /* brand.json */ = {isa = PBXFileReference; fileEncoding = 4; lastKnownFileType = text.json; path = brand.json; sourceTree = "<group>"; };
		1BFBA94C2C082CD3002BDFB4 /* category.json */ = {isa = PBXFileReference; fileEncoding = 4; lastKnownFileType = text.json; path = category.json; sourceTree = "<group>"; };
		1BFBA94D2C082CD3002BDFB4 /* player.json */ = {isa = PBXFileReference; fileEncoding = 4; lastKnownFileType = text.json; path = player.json; sourceTree = "<group>"; };
		1BFBA94E2C082CD3002BDFB4 /* product.json */ = {isa = PBXFileReference; fileEncoding = 4; lastKnownFileType = text.json; path = product.json; sourceTree = "<group>"; };
		1BFBA9542C082CEF002BDFB4 /* Info.plist */ = {isa = PBXFileReference; lastKnownFileType = text.plist; path = Info.plist; sourceTree = "<group>"; };
		1BFBA95C2C082D99002BDFB4 /* Constant.swift */ = {isa = PBXFileReference; lastKnownFileType = sourcecode.swift; path = Constant.swift; sourceTree = "<group>"; };
		1BFBA95E2C082DF4002BDFB4 /* FooterView.swift */ = {isa = PBXFileReference; lastKnownFileType = sourcecode.swift; path = FooterView.swift; sourceTree = "<group>"; };
		1BFBA9602C082F8E002BDFB4 /* NavigationBarView.swift */ = {isa = PBXFileReference; lastKnownFileType = sourcecode.swift; path = NavigationBarView.swift; sourceTree = "<group>"; };
		1BFBA9622C0830AF002BDFB4 /* LogoView.swift */ = {isa = PBXFileReference; lastKnownFileType = sourcecode.swift; path = LogoView.swift; sourceTree = "<group>"; };
		1BFBA9642C08330A002BDFB4 /* PlayerModel.swift */ = {isa = PBXFileReference; lastKnownFileType = sourcecode.swift; path = PlayerModel.swift; sourceTree = "<group>"; };
		1BFBA9662C083330002BDFB4 /* CodableBundleExtension.swift */ = {isa = PBXFileReference; lastKnownFileType = sourcecode.swift; path = CodableBundleExtension.swift; sourceTree = "<group>"; };
		1BFBA9682C083455002BDFB4 /* FeaturedItemView.swift */ = {isa = PBXFileReference; lastKnownFileType = sourcecode.swift; path = FeaturedItemView.swift; sourceTree = "<group>"; };
		1BFBA96A2C0834A4002BDFB4 /* FeaturedTabView.swift */ = {isa = PBXFileReference; lastKnownFileType = sourcecode.swift; path = FeaturedTabView.swift; sourceTree = "<group>"; };
		1BFBA96C2C0836C4002BDFB4 /* CategoryModel.swift */ = {isa = PBXFileReference; lastKnownFileType = sourcecode.swift; path = CategoryModel.swift; sourceTree = "<group>"; };
		1BFBA96E2C083747002BDFB4 /* CategoryItemView.swift */ = {isa = PBXFileReference; lastKnownFileType = sourcecode.swift; path = CategoryItemView.swift; sourceTree = "<group>"; };
		1BFBA9702C083873002BDFB4 /* CategoryGridView.swift */ = {isa = PBXFileReference; lastKnownFileType = sourcecode.swift; path = CategoryGridView.swift; sourceTree = "<group>"; };
		1BFBA9722C08392E002BDFB4 /* SectionView.swift */ = {isa = PBXFileReference; lastKnownFileType = sourcecode.swift; path = SectionView.swift; sourceTree = "<group>"; };
		1BFBA9742C083E67002BDFB4 /* TitleView.swift */ = {isa = PBXFileReference; lastKnownFileType = sourcecode.swift; path = TitleView.swift; sourceTree = "<group>"; };
		1BFBA9762C083F21002BDFB4 /* ProductModel.swift */ = {isa = PBXFileReference; lastKnownFileType = sourcecode.swift; path = ProductModel.swift; sourceTree = "<group>"; };
		1BFBA9782C083F6A002BDFB4 /* ProductItemView.swift */ = {isa = PBXFileReference; lastKnownFileType = sourcecode.swift; path = ProductItemView.swift; sourceTree = "<group>"; };
		1BFBA97A2C0840D5002BDFB4 /* BrandModel.swift */ = {isa = PBXFileReference; lastKnownFileType = sourcecode.swift; path = BrandModel.swift; sourceTree = "<group>"; };
		1BFBA97C2C084102002BDFB4 /* BrandItemView.swift */ = {isa = PBXFileReference; lastKnownFileType = sourcecode.swift; path = BrandItemView.swift; sourceTree = "<group>"; };
		1BFBA97E2C0841C0002BDFB4 /* BrandGridView.swift */ = {isa = PBXFileReference; lastKnownFileType = sourcecode.swift; path = BrandGridView.swift; sourceTree = "<group>"; };
		1BFBA9802C08437A002BDFB4 /* ProductDetailView.swift */ = {isa = PBXFileReference; lastKnownFileType = sourcecode.swift; path = ProductDetailView.swift; sourceTree = "<group>"; };
		1BFBA9822C0844CA002BDFB4 /* NavigationBarDetailView.swift */ = {isa = PBXFileReference; lastKnownFileType = sourcecode.swift; path = NavigationBarDetailView.swift; sourceTree = "<group>"; };
		1BFBA9842C084595002BDFB4 /* HeaderDetailView.swift */ = {isa = PBXFileReference; lastKnownFileType = sourcecode.swift; path = HeaderDetailView.swift; sourceTree = "<group>"; };
		1BFBA9862C08461C002BDFB4 /* TopPartDetailView.swift */ = {isa = PBXFileReference; lastKnownFileType = sourcecode.swift; path = TopPartDetailView.swift; sourceTree = "<group>"; };
		1BFBA9882C0848E6002BDFB4 /* CustomShape.swift */ = {isa = PBXFileReference; lastKnownFileType = sourcecode.swift; path = CustomShape.swift; sourceTree = "<group>"; };
		1BFBA98A2C084B43002BDFB4 /* RatingsSizesDetailView.swift */ = {isa = PBXFileReference; lastKnownFileType = sourcecode.swift; path = RatingsSizesDetailView.swift; sourceTree = "<group>"; };
		1BFBA98C2C084E49002BDFB4 /* QuantityFavoriteDetailView.swift */ = {isa = PBXFileReference; lastKnownFileType = sourcecode.swift; path = QuantityFavoriteDetailView.swift; sourceTree = "<group>"; };
		1BFBA98E2C084F22002BDFB4 /* AddToCartDetailView.swift */ = {isa = PBXFileReference; lastKnownFileType = sourcecode.swift; path = AddToCartDetailView.swift; sourceTree = "<group>"; };
		1BFBA9902C0852D7002BDFB4 /* Shop.swift */ = {isa = PBXFileReference; lastKnownFileType = sourcecode.swift; path = Shop.swift; sourceTree = "<group>"; };
/* End PBXFileReference section */

/* Begin PBXFrameworksBuildPhase section */
		1BFBA9372C082C13002BDFB4 /* Frameworks */ = {
			isa = PBXFrameworksBuildPhase;
			buildActionMask = 2147483647;
			files = (
			);
			runOnlyForDeploymentPostprocessing = 0;
		};
/* End PBXFrameworksBuildPhase section */

/* Begin PBXGroup section */
		1BFBA9312C082C13002BDFB4 = {
			isa = PBXGroup;
			children = (
				1BFBA93C2C082C13002BDFB4 /* Touchdown */,
				1BFBA93B2C082C13002BDFB4 /* Products */,
			);
			sourceTree = "<group>";
		};
		1BFBA93B2C082C13002BDFB4 /* Products */ = {
			isa = PBXGroup;
			children = (
				1BFBA93A2C082C13002BDFB4 /* Touchdown.app */,
			);
			name = Products;
			sourceTree = "<group>";
		};
		1BFBA93C2C082C13002BDFB4 /* Touchdown */ = {
			isa = PBXGroup;
			children = (
				1BFBA95B2C082D8A002BDFB4 /* Model */,
				1BFBA9592C082D68002BDFB4 /* Extension */,
				1BFBA9582C082D5E002BDFB4 /* Utility */,
				1BFBA9552C082D50002BDFB4 /* View */,
				1BFBA9542C082CEF002BDFB4 /* Info.plist */,
				1BFBA94F2C082CD3002BDFB4 /* Data */,
				1BFBA95A2C082D84002BDFB4 /* App */,
				1BFBA9412C082C18002BDFB4 /* Assets.xcassets */,
				1BFBA9432C082C18002BDFB4 /* Preview Content */,
			);
			path = Touchdown;
			sourceTree = "<group>";
		};
		1BFBA9432C082C18002BDFB4 /* Preview Content */ = {
			isa = PBXGroup;
			children = (
				1BFBA9442C082C18002BDFB4 /* Preview Assets.xcassets */,
			);
			path = "Preview Content";
			sourceTree = "<group>";
		};
		1BFBA94F2C082CD3002BDFB4 /* Data */ = {
			isa = PBXGroup;
			children = (
				1BFBA94B2C082CD3002BDFB4 /* brand.json */,
				1BFBA94C2C082CD3002BDFB4 /* category.json */,
				1BFBA94D2C082CD3002BDFB4 /* player.json */,
				1BFBA94E2C082CD3002BDFB4 /* product.json */,
			);
			path = Data;
			sourceTree = "<group>";
		};
		1BFBA9552C082D50002BDFB4 /* View */ = {
			isa = PBXGroup;
			children = (
				1BFBA9572C082D5A002BDFB4 /* Detail */,
				1BFBA9562C082D56002BDFB4 /* Home */,
			);
			path = View;
			sourceTree = "<group>";
		};
		1BFBA9562C082D56002BDFB4 /* Home */ = {
			isa = PBXGroup;
			children = (
				1BFBA95E2C082DF4002BDFB4 /* FooterView.swift */,
				1BFBA9602C082F8E002BDFB4 /* NavigationBarView.swift */,
				1BFBA9622C0830AF002BDFB4 /* LogoView.swift */,
				1BFBA9682C083455002BDFB4 /* FeaturedItemView.swift */,
				1BFBA96A2C0834A4002BDFB4 /* FeaturedTabView.swift */,
				1BFBA96E2C083747002BDFB4 /* CategoryItemView.swift */,
				1BFBA9702C083873002BDFB4 /* CategoryGridView.swift */,
				1BFBA9722C08392E002BDFB4 /* SectionView.swift */,
				1BFBA9742C083E67002BDFB4 /* TitleView.swift */,
				1BFBA9782C083F6A002BDFB4 /* ProductItemView.swift */,
				1BFBA97C2C084102002BDFB4 /* BrandItemView.swift */,
				1BFBA97E2C0841C0002BDFB4 /* BrandGridView.swift */,
			);
			path = Home;
			sourceTree = "<group>";
		};
		1BFBA9572C082D5A002BDFB4 /* Detail */ = {
			isa = PBXGroup;
			children = (
				1BFBA9822C0844CA002BDFB4 /* NavigationBarDetailView.swift */,
				1BFBA9842C084595002BDFB4 /* HeaderDetailView.swift */,
				1BFBA9862C08461C002BDFB4 /* TopPartDetailView.swift */,
				1BFBA98A2C084B43002BDFB4 /* RatingsSizesDetailView.swift */,
				1BFBA98C2C084E49002BDFB4 /* QuantityFavoriteDetailView.swift */,
				1BFBA98E2C084F22002BDFB4 /* AddToCartDetailView.swift */,
			);
			path = Detail;
			sourceTree = "<group>";
		};
		1BFBA9582C082D5E002BDFB4 /* Utility */ = {
			isa = PBXGroup;
			children = (
				1BFBA95C2C082D99002BDFB4 /* Constant.swift */,
				1BFBA9882C0848E6002BDFB4 /* CustomShape.swift */,
				1BFBA9902C0852D7002BDFB4 /* Shop.swift */,
			);
			path = Utility;
			sourceTree = "<group>";
		};
		1BFBA9592C082D68002BDFB4 /* Extension */ = {
			isa = PBXGroup;
			children = (
				1BFBA9662C083330002BDFB4 /* CodableBundleExtension.swift */,
			);
			path = Extension;
			sourceTree = "<group>";
		};
		1BFBA95A2C082D84002BDFB4 /* App */ = {
			isa = PBXGroup;
			children = (
				1BFBA93D2C082C13002BDFB4 /* TouchdownApp.swift */,
				1BFBA93F2C082C13002BDFB4 /* ContentView.swift */,
				1BFBA9802C08437A002BDFB4 /* ProductDetailView.swift */,
			);
			path = App;
			sourceTree = "<group>";
		};
		1BFBA95B2C082D8A002BDFB4 /* Model */ = {
			isa = PBXGroup;
			children = (
				1BFBA9642C08330A002BDFB4 /* PlayerModel.swift */,
				1BFBA96C2C0836C4002BDFB4 /* CategoryModel.swift */,
				1BFBA9762C083F21002BDFB4 /* ProductModel.swift */,
				1BFBA97A2C0840D5002BDFB4 /* BrandModel.swift */,
			);
			path = Model;
			sourceTree = "<group>";
		};
/* End PBXGroup section */

/* Begin PBXNativeTarget section */
		1BFBA9392C082C13002BDFB4 /* Touchdown */ = {
			isa = PBXNativeTarget;
			buildConfigurationList = 1BFBA9482C082C18002BDFB4 /* Build configuration list for PBXNativeTarget "Touchdown" */;
			buildPhases = (
				1BFBA9362C082C13002BDFB4 /* Sources */,
				1BFBA9372C082C13002BDFB4 /* Frameworks */,
				1BFBA9382C082C13002BDFB4 /* Resources */,
			);
			buildRules = (
			);
			dependencies = (
			);
			name = Touchdown;
			productName = Touchdown;
			productReference = 1BFBA93A2C082C13002BDFB4 /* Touchdown.app */;
			productType = "com.apple.product-type.application";
		};
/* End PBXNativeTarget section */

/* Begin PBXProject section */
		1BFBA9322C082C13002BDFB4 /* Project object */ = {
			isa = PBXProject;
			attributes = {
				BuildIndependentTargetsInParallel = 1;
				LastSwiftUpdateCheck = 1530;
				LastUpgradeCheck = 1530;
				TargetAttributes = {
					1BFBA9392C082C13002BDFB4 = {
						CreatedOnToolsVersion = 15.3;
					};
				};
			};
			buildConfigurationList = 1BFBA9352C082C13002BDFB4 /* Build configuration list for PBXProject "Touchdown" */;
			compatibilityVersion = "Xcode 14.0";
			developmentRegion = en;
			hasScannedForEncodings = 0;
			knownRegions = (
				en,
				Base,
			);
			mainGroup = 1BFBA9312C082C13002BDFB4;
			productRefGroup = 1BFBA93B2C082C13002BDFB4 /* Products */;
			projectDirPath = "";
			projectRoot = "";
			targets = (
				1BFBA9392C082C13002BDFB4 /* Touchdown */,
			);
		};
/* End PBXProject section */

/* Begin PBXResourcesBuildPhase section */
		1BFBA9382C082C13002BDFB4 /* Resources */ = {
			isa = PBXResourcesBuildPhase;
			buildActionMask = 2147483647;
			files = (
				1BFBA9522C082CD3002BDFB4 /* player.json in Resources */,
				1BFBA9452C082C18002BDFB4 /* Preview Assets.xcassets in Resources */,
				1BFBA9422C082C18002BDFB4 /* Assets.xcassets in Resources */,
				1BFBA9502C082CD3002BDFB4 /* brand.json in Resources */,
				1BFBA9512C082CD3002BDFB4 /* category.json in Resources */,
				1BFBA9532C082CD3002BDFB4 /* product.json in Resources */,
			);
			runOnlyForDeploymentPostprocessing = 0;
		};
/* End PBXResourcesBuildPhase section */

/* Begin PBXSourcesBuildPhase section */
		1BFBA9362C082C13002BDFB4 /* Sources */ = {
			isa = PBXSourcesBuildPhase;
			buildActionMask = 2147483647;
			files = (
				1BFBA9672C083330002BDFB4 /* CodableBundleExtension.swift in Sources */,
				1BFBA9852C084595002BDFB4 /* HeaderDetailView.swift in Sources */,
				1BFBA9872C08461C002BDFB4 /* TopPartDetailView.swift in Sources */,
				1BFBA9402C082C13002BDFB4 /* ContentView.swift in Sources */,
				1BFBA98D2C084E49002BDFB4 /* QuantityFavoriteDetailView.swift in Sources */,
				1BFBA9632C0830AF002BDFB4 /* LogoView.swift in Sources */,
				1BFBA95F2C082DF4002BDFB4 /* FooterView.swift in Sources */,
				1BFBA9692C083455002BDFB4 /* FeaturedItemView.swift in Sources */,
				1BFBA98F2C084F22002BDFB4 /* AddToCartDetailView.swift in Sources */,
				1BFBA9792C083F6A002BDFB4 /* ProductItemView.swift in Sources */,
				1BFBA97F2C0841C0002BDFB4 /* BrandGridView.swift in Sources */,
				1BFBA98B2C084B43002BDFB4 /* RatingsSizesDetailView.swift in Sources */,
				1BFBA93E2C082C13002BDFB4 /* TouchdownApp.swift in Sources */,
				1BFBA9812C08437A002BDFB4 /* ProductDetailView.swift in Sources */,
				1BFBA9832C0844CA002BDFB4 /* NavigationBarDetailView.swift in Sources */,
				1BFBA95D2C082D99002BDFB4 /* Constant.swift in Sources */,
				1BFBA9712C083873002BDFB4 /* CategoryGridView.swift in Sources */,
				1BFBA9612C082F8E002BDFB4 /* NavigationBarView.swift in Sources */,
				1BFBA96B2C0834A4002BDFB4 /* FeaturedTabView.swift in Sources */,
				1BFBA9732C08392E002BDFB4 /* SectionView.swift in Sources */,
				1BFBA97D2C084102002BDFB4 /* BrandItemView.swift in Sources */,
				1BFBA96F2C083747002BDFB4 /* CategoryItemView.swift in Sources */,
				1BFBA9652C08330A002BDFB4 /* PlayerModel.swift in Sources */,
				1BFBA9892C0848E6002BDFB4 /* CustomShape.swift in Sources */,
				1BFBA9912C0852D8002BDFB4 /* Shop.swift in Sources */,
				1BFBA96D2C0836C4002BDFB4 /* CategoryModel.swift in Sources */,
				1BFBA97B2C0840D5002BDFB4 /* BrandModel.swift in Sources */,
				1BFBA9752C083E67002BDFB4 /* TitleView.swift in Sources */,
				1BFBA9772C083F21002BDFB4 /* ProductModel.swift in Sources */,
			);
			runOnlyForDeploymentPostprocessing = 0;
		};
/* End PBXSourcesBuildPhase section */

/* Begin XCBuildConfiguration section */
		1BFBA9462C082C18002BDFB4 /* Debug */ = {
			isa = XCBuildConfiguration;
			buildSettings = {
				ALWAYS_SEARCH_USER_PATHS = NO;
				ASSETCATALOG_COMPILER_GENERATE_SWIFT_ASSET_SYMBOL_EXTENSIONS = YES;
				CLANG_ANALYZER_NONNULL = YES;
				CLANG_ANALYZER_NUMBER_OBJECT_CONVERSION = YES_AGGRESSIVE;
				CLANG_CXX_LANGUAGE_STANDARD = "gnu++20";
				CLANG_ENABLE_MODULES = YES;
				CLANG_ENABLE_OBJC_ARC = YES;
				CLANG_ENABLE_OBJC_WEAK = YES;
				CLANG_WARN_BLOCK_CAPTURE_AUTORELEASING = YES;
				CLANG_WARN_BOOL_CONVERSION = YES;
				CLANG_WARN_COMMA = YES;
				CLANG_WARN_CONSTANT_CONVERSION = YES;
				CLANG_WARN_DEPRECATED_OBJC_IMPLEMENTATIONS = YES;
				CLANG_WARN_DIRECT_OBJC_ISA_USAGE = YES_ERROR;
				CLANG_WARN_DOCUMENTATION_COMMENTS = YES;
				CLANG_WARN_EMPTY_BODY = YES;
				CLANG_WARN_ENUM_CONVERSION = YES;
				CLANG_WARN_INFINITE_RECURSION = YES;
				CLANG_WARN_INT_CONVERSION = YES;
				CLANG_WARN_NON_LITERAL_NULL_CONVERSION = YES;
				CLANG_WARN_OBJC_IMPLICIT_RETAIN_SELF = YES;
				CLANG_WARN_OBJC_LITERAL_CONVERSION = YES;
				CLANG_WARN_OBJC_ROOT_CLASS = YES_ERROR;
				CLANG_WARN_QUOTED_INCLUDE_IN_FRAMEWORK_HEADER = YES;
				CLANG_WARN_RANGE_LOOP_ANALYSIS = YES;
				CLANG_WARN_STRICT_PROTOTYPES = YES;
				CLANG_WARN_SUSPICIOUS_MOVE = YES;
				CLANG_WARN_UNGUARDED_AVAILABILITY = YES_AGGRESSIVE;
				CLANG_WARN_UNREACHABLE_CODE = YES;
				CLANG_WARN__DUPLICATE_METHOD_MATCH = YES;
				COPY_PHASE_STRIP = NO;
				DEBUG_INFORMATION_FORMAT = dwarf;
				ENABLE_STRICT_OBJC_MSGSEND = YES;
				ENABLE_TESTABILITY = YES;
				ENABLE_USER_SCRIPT_SANDBOXING = YES;
				GCC_C_LANGUAGE_STANDARD = gnu17;
				GCC_DYNAMIC_NO_PIC = NO;
				GCC_NO_COMMON_BLOCKS = YES;
				GCC_OPTIMIZATION_LEVEL = 0;
				GCC_PREPROCESSOR_DEFINITIONS = (
					"DEBUG=1",
					"$(inherited)",
				);
				GCC_WARN_64_TO_32_BIT_CONVERSION = YES;
				GCC_WARN_ABOUT_RETURN_TYPE = YES_ERROR;
				GCC_WARN_UNDECLARED_SELECTOR = YES;
				GCC_WARN_UNINITIALIZED_AUTOS = YES_AGGRESSIVE;
				GCC_WARN_UNUSED_FUNCTION = YES;
				GCC_WARN_UNUSED_VARIABLE = YES;
				IPHONEOS_DEPLOYMENT_TARGET = 17.4;
				LOCALIZATION_PREFERS_STRING_CATALOGS = YES;
				MTL_ENABLE_DEBUG_INFO = INCLUDE_SOURCE;
				MTL_FAST_MATH = YES;
				ONLY_ACTIVE_ARCH = YES;
				SDKROOT = iphoneos;
				SWIFT_ACTIVE_COMPILATION_CONDITIONS = "DEBUG $(inherited)";
				SWIFT_OPTIMIZATION_LEVEL = "-Onone";
			};
			name = Debug;
		};
		1BFBA9472C082C18002BDFB4 /* Release */ = {
			isa = XCBuildConfiguration;
			buildSettings = {
				ALWAYS_SEARCH_USER_PATHS = NO;
				ASSETCATALOG_COMPILER_GENERATE_SWIFT_ASSET_SYMBOL_EXTENSIONS = YES;
				CLANG_ANALYZER_NONNULL = YES;
				CLANG_ANALYZER_NUMBER_OBJECT_CONVERSION = YES_AGGRESSIVE;
				CLANG_CXX_LANGUAGE_STANDARD = "gnu++20";
				CLANG_ENABLE_MODULES = YES;
				CLANG_ENABLE_OBJC_ARC = YES;
				CLANG_ENABLE_OBJC_WEAK = YES;
				CLANG_WARN_BLOCK_CAPTURE_AUTORELEASING = YES;
				CLANG_WARN_BOOL_CONVERSION = YES;
				CLANG_WARN_COMMA = YES;
				CLANG_WARN_CONSTANT_CONVERSION = YES;
				CLANG_WARN_DEPRECATED_OBJC_IMPLEMENTATIONS = YES;
				CLANG_WARN_DIRECT_OBJC_ISA_USAGE = YES_ERROR;
				CLANG_WARN_DOCUMENTATION_COMMENTS = YES;
				CLANG_WARN_EMPTY_BODY = YES;
				CLANG_WARN_ENUM_CONVERSION = YES;
				CLANG_WARN_INFINITE_RECURSION = YES;
				CLANG_WARN_INT_CONVERSION = YES;
				CLANG_WARN_NON_LITERAL_NULL_CONVERSION = YES;
				CLANG_WARN_OBJC_IMPLICIT_RETAIN_SELF = YES;
				CLANG_WARN_OBJC_LITERAL_CONVERSION = YES;
				CLANG_WARN_OBJC_ROOT_CLASS = YES_ERROR;
				CLANG_WARN_QUOTED_INCLUDE_IN_FRAMEWORK_HEADER = YES;
				CLANG_WARN_RANGE_LOOP_ANALYSIS = YES;
				CLANG_WARN_STRICT_PROTOTYPES = YES;
				CLANG_WARN_SUSPICIOUS_MOVE = YES;
				CLANG_WARN_UNGUARDED_AVAILABILITY = YES_AGGRESSIVE;
				CLANG_WARN_UNREACHABLE_CODE = YES;
				CLANG_WARN__DUPLICATE_METHOD_MATCH = YES;
				COPY_PHASE_STRIP = NO;
				DEBUG_INFORMATION_FORMAT = "dwarf-with-dsym";
				ENABLE_NS_ASSERTIONS = NO;
				ENABLE_STRICT_OBJC_MSGSEND = YES;
				ENABLE_USER_SCRIPT_SANDBOXING = YES;
				GCC_C_LANGUAGE_STANDARD = gnu17;
				GCC_NO_COMMON_BLOCKS = YES;
				GCC_WARN_64_TO_32_BIT_CONVERSION = YES;
				GCC_WARN_ABOUT_RETURN_TYPE = YES_ERROR;
				GCC_WARN_UNDECLARED_SELECTOR = YES;
				GCC_WARN_UNINITIALIZED_AUTOS = YES_AGGRESSIVE;
				GCC_WARN_UNUSED_FUNCTION = YES;
				GCC_WARN_UNUSED_VARIABLE = YES;
				IPHONEOS_DEPLOYMENT_TARGET = 17.4;
				LOCALIZATION_PREFERS_STRING_CATALOGS = YES;
				MTL_ENABLE_DEBUG_INFO = NO;
				MTL_FAST_MATH = YES;
				SDKROOT = iphoneos;
				SWIFT_COMPILATION_MODE = wholemodule;
				VALIDATE_PRODUCT = YES;
			};
			name = Release;
		};
		1BFBA9492C082C18002BDFB4 /* Debug */ = {
			isa = XCBuildConfiguration;
			buildSettings = {
				ASSETCATALOG_COMPILER_APPICON_NAME = AppIcon;
				ASSETCATALOG_COMPILER_GLOBAL_ACCENT_COLOR_NAME = AccentColor;
				CODE_SIGN_STYLE = Automatic;
				CURRENT_PROJECT_VERSION = 1;
				DEVELOPMENT_ASSET_PATHS = "\"Touchdown/Preview Content\"";
				DEVELOPMENT_TEAM = B5M93369GD;
				ENABLE_PREVIEWS = YES;
				GENERATE_INFOPLIST_FILE = YES;
				INFOPLIST_FILE = Touchdown/Info.plist;
				INFOPLIST_KEY_UIApplicationSceneManifest_Generation = YES;
				INFOPLIST_KEY_UIApplicationSupportsIndirectInputEvents = YES;
				INFOPLIST_KEY_UISupportedInterfaceOrientations_iPad = "UIInterfaceOrientationPortrait UIInterfaceOrientationPortraitUpsideDown UIInterfaceOrientationLandscapeLeft UIInterfaceOrientationLandscapeRight";
				INFOPLIST_KEY_UISupportedInterfaceOrientations_iPhone = "UIInterfaceOrientationPortrait UIInterfaceOrientationLandscapeLeft UIInterfaceOrientationLandscapeRight";
				INFOPLIST_KEY_UIUserInterfaceStyle = Light;
				LD_RUNPATH_SEARCH_PATHS = (
					"$(inherited)",
					"@executable_path/Frameworks",
				);
				MARKETING_VERSION = 1.0;
				PRODUCT_BUNDLE_IDENTIFIER = com.ppeper.Touchdown;
				PRODUCT_NAME = "$(TARGET_NAME)";
				SWIFT_EMIT_LOC_STRINGS = YES;
				SWIFT_VERSION = 5.0;
				TARGETED_DEVICE_FAMILY = "1,2";
			};
			name = Debug;
		};
		1BFBA94A2C082C18002BDFB4 /* Release */ = {
			isa = XCBuildConfiguration;
			buildSettings = {
				ASSETCATALOG_COMPILER_APPICON_NAME = AppIcon;
				ASSETCATALOG_COMPILER_GLOBAL_ACCENT_COLOR_NAME = AccentColor;
				CODE_SIGN_STYLE = Automatic;
				CURRENT_PROJECT_VERSION = 1;
				DEVELOPMENT_ASSET_PATHS = "\"Touchdown/Preview Content\"";
				DEVELOPMENT_TEAM = B5M93369GD;
				ENABLE_PREVIEWS = YES;
				GENERATE_INFOPLIST_FILE = YES;
				INFOPLIST_FILE = Touchdown/Info.plist;
				INFOPLIST_KEY_UIApplicationSceneManifest_Generation = YES;
				INFOPLIST_KEY_UIApplicationSupportsIndirectInputEvents = YES;
				INFOPLIST_KEY_UISupportedInterfaceOrientations_iPad = "UIInterfaceOrientationPortrait UIInterfaceOrientationPortraitUpsideDown UIInterfaceOrientationLandscapeLeft UIInterfaceOrientationLandscapeRight";
				INFOPLIST_KEY_UISupportedInterfaceOrientations_iPhone = "UIInterfaceOrientationPortrait UIInterfaceOrientationLandscapeLeft UIInterfaceOrientationLandscapeRight";
				INFOPLIST_KEY_UIUserInterfaceStyle = Light;
				LD_RUNPATH_SEARCH_PATHS = (
					"$(inherited)",
					"@executable_path/Frameworks",
				);
				MARKETING_VERSION = 1.0;
				PRODUCT_BUNDLE_IDENTIFIER = com.ppeper.Touchdown;
				PRODUCT_NAME = "$(TARGET_NAME)";
				SWIFT_EMIT_LOC_STRINGS = YES;
				SWIFT_VERSION = 5.0;
				TARGETED_DEVICE_FAMILY = "1,2";
			};
			name = Release;
		};
/* End XCBuildConfiguration section */

/* Begin XCConfigurationList section */
		1BFBA9352C082C13002BDFB4 /* Build configuration list for PBXProject "Touchdown" */ = {
			isa = XCConfigurationList;
			buildConfigurations = (
				1BFBA9462C082C18002BDFB4 /* Debug */,
				1BFBA9472C082C18002BDFB4 /* Release */,
			);
			defaultConfigurationIsVisible = 0;
			defaultConfigurationName = Release;
		};
		1BFBA9482C082C18002BDFB4 /* Build configuration list for PBXNativeTarget "Touchdown" */ = {
			isa = XCConfigurationList;
			buildConfigurations = (
				1BFBA9492C082C18002BDFB4 /* Debug */,
				1BFBA94A2C082C18002BDFB4 /* Release */,
			);
			defaultConfigurationIsVisible = 0;
			defaultConfigurationName = Release;
		};
/* End XCConfigurationList section */
	};
	rootObject = 1BFBA9322C082C13002BDFB4 /* Project object */;
}
