// !$*UTF8*$!
{
	archiveVersion = 1;
	classes = {
	};
	objectVersion = 56;
	objects = {

/* Begin PBXBuildFile section */
		1B3D6BAA2C12C4BA00AA8F2F /* HoneymoonData.swift in Sources */ = {isa = PBXBuildFile; fileRef = 1B3D6BA92C12C4BA00AA8F2F /* HoneymoonData.swift */; };
		1B3D6BAC2C12C4C200AA8F2F /* HoneymoonModel.swift in Sources */ = {isa = PBXBuildFile; fileRef = 1B3D6BAB2C12C4C200AA8F2F /* HoneymoonModel.swift */; };
		1B3D6BAE2C12C51200AA8F2F /* CardView.swift in Sources */ = {isa = PBXBuildFile; fileRef = 1B3D6BAD2C12C51200AA8F2F /* CardView.swift */; };
		1B3D6BB12C12F96900AA8F2F /* HeaderView.swift in Sources */ = {isa = PBXBuildFile; fileRef = 1B3D6BB02C12F96900AA8F2F /* HeaderView.swift */; };
		1B3D6BB32C12FA6000AA8F2F /* FooterView.swift in Sources */ = {isa = PBXBuildFile; fileRef = 1B3D6BB22C12FA6000AA8F2F /* FooterView.swift */; };
		1B3D6BB62C12FB3B00AA8F2F /* HeaderComponent.swift in Sources */ = {isa = PBXBuildFile; fileRef = 1B3D6BB52C12FB3B00AA8F2F /* HeaderComponent.swift */; };
		1B3D6BB82C12FBCD00AA8F2F /* GuideComponent.swift in Sources */ = {isa = PBXBuildFile; fileRef = 1B3D6BB72C12FBCD00AA8F2F /* GuideComponent.swift */; };
		1B3D6BBA2C12FCFB00AA8F2F /* GuideView.swift in Sources */ = {isa = PBXBuildFile; fileRef = 1B3D6BB92C12FCFB00AA8F2F /* GuideView.swift */; };
		1B5F9B982C12BF7100FC7DB4 /* HoneymoonApp.swift in Sources */ = {isa = PBXBuildFile; fileRef = 1B5F9B972C12BF7100FC7DB4 /* HoneymoonApp.swift */; };
		1B5F9B9A2C12BF7100FC7DB4 /* ContentView.swift in Sources */ = {isa = PBXBuildFile; fileRef = 1B5F9B992C12BF7100FC7DB4 /* ContentView.swift */; };
		1B5F9B9C2C12BF7300FC7DB4 /* Assets.xcassets in Resources */ = {isa = PBXBuildFile; fileRef = 1B5F9B9B2C12BF7300FC7DB4 /* Assets.xcassets */; };
		1B5F9B9F2C12BF7300FC7DB4 /* Preview Assets.xcassets in Resources */ = {isa = PBXBuildFile; fileRef = 1B5F9B9E2C12BF7300FC7DB4 /* Preview Assets.xcassets */; };
		1B5F9BA62C12BFEF00FC7DB4 /* Sounds in Resources */ = {isa = PBXBuildFile; fileRef = 1B5F9BA52C12BFEF00FC7DB4 /* Sounds */; };
		1B5F9BA82C12C01A00FC7DB4 /* LaunchScreen.storyboard in Resources */ = {isa = PBXBuildFile; fileRef = 1B5F9BA72C12C01A00FC7DB4 /* LaunchScreen.storyboard */; };
/* End PBXBuildFile section */

/* Begin PBXFileReference section */
		1B3D6BA92C12C4BA00AA8F2F /* HoneymoonData.swift */ = {isa = PBXFileReference; lastKnownFileType = sourcecode.swift; path = HoneymoonData.swift; sourceTree = "<group>"; };
		1B3D6BAB2C12C4C200AA8F2F /* HoneymoonModel.swift */ = {isa = PBXFileReference; lastKnownFileType = sourcecode.swift; path = HoneymoonModel.swift; sourceTree = "<group>"; };
		1B3D6BAD2C12C51200AA8F2F /* CardView.swift */ = {isa = PBXFileReference; lastKnownFileType = sourcecode.swift; path = CardView.swift; sourceTree = "<group>"; };
		1B3D6BB02C12F96900AA8F2F /* HeaderView.swift */ = {isa = PBXFileReference; lastKnownFileType = sourcecode.swift; path = HeaderView.swift; sourceTree = "<group>"; };
		1B3D6BB22C12FA6000AA8F2F /* FooterView.swift */ = {isa = PBXFileReference; lastKnownFileType = sourcecode.swift; path = FooterView.swift; sourceTree = "<group>"; };
		1B3D6BB52C12FB3B00AA8F2F /* HeaderComponent.swift */ = {isa = PBXFileReference; lastKnownFileType = sourcecode.swift; path = HeaderComponent.swift; sourceTree = "<group>"; };
		1B3D6BB72C12FBCD00AA8F2F /* GuideComponent.swift */ = {isa = PBXFileReference; lastKnownFileType = sourcecode.swift; path = GuideComponent.swift; sourceTree = "<group>"; };
		1B3D6BB92C12FCFB00AA8F2F /* GuideView.swift */ = {isa = PBXFileReference; lastKnownFileType = sourcecode.swift; path = GuideView.swift; sourceTree = "<group>"; };
		1B5F9B942C12BF7100FC7DB4 /* Honeymoon.app */ = {isa = PBXFileReference; explicitFileType = wrapper.application; includeInIndex = 0; path = Honeymoon.app; sourceTree = BUILT_PRODUCTS_DIR; };
		1B5F9B972C12BF7100FC7DB4 /* HoneymoonApp.swift */ = {isa = PBXFileReference; lastKnownFileType = sourcecode.swift; path = HoneymoonApp.swift; sourceTree = "<group>"; };
		1B5F9B992C12BF7100FC7DB4 /* ContentView.swift */ = {isa = PBXFileReference; lastKnownFileType = sourcecode.swift; path = ContentView.swift; sourceTree = "<group>"; };
		1B5F9B9B2C12BF7300FC7DB4 /* Assets.xcassets */ = {isa = PBXFileReference; lastKnownFileType = folder.assetcatalog; path = Assets.xcassets; sourceTree = "<group>"; };
		1B5F9B9E2C12BF7300FC7DB4 /* Preview Assets.xcassets */ = {isa = PBXFileReference; lastKnownFileType = folder.assetcatalog; path = "Preview Assets.xcassets"; sourceTree = "<group>"; };
		1B5F9BA52C12BFEF00FC7DB4 /* Sounds */ = {isa = PBXFileReference; lastKnownFileType = folder; path = Sounds; sourceTree = "<group>"; };
		1B5F9BA72C12C01A00FC7DB4 /* LaunchScreen.storyboard */ = {isa = PBXFileReference; lastKnownFileType = file.storyboard; path = LaunchScreen.storyboard; sourceTree = "<group>"; };
/* End PBXFileReference section */

/* Begin PBXFrameworksBuildPhase section */
		1B5F9B912C12BF7100FC7DB4 /* Frameworks */ = {
			isa = PBXFrameworksBuildPhase;
			buildActionMask = 2147483647;
			files = (
			);
			runOnlyForDeploymentPostprocessing = 0;
		};
/* End PBXFrameworksBuildPhase section */

/* Begin PBXGroup section */
		1B3D6BA72C12C4AD00AA8F2F /* Model */ = {
			isa = PBXGroup;
			children = (
				1B3D6BAB2C12C4C200AA8F2F /* HoneymoonModel.swift */,
			);
			path = Model;
			sourceTree = "<group>";
		};
		1B3D6BA82C12C4B100AA8F2F /* Data */ = {
			isa = PBXGroup;
			children = (
				1B3D6BA92C12C4BA00AA8F2F /* HoneymoonData.swift */,
			);
			path = Data;
			sourceTree = "<group>";
		};
		1B3D6BAF2C12C51700AA8F2F /* View */ = {
			isa = PBXGroup;
			children = (
				1B5F9B992C12BF7100FC7DB4 /* ContentView.swift */,
				1B3D6BAD2C12C51200AA8F2F /* CardView.swift */,
				1B3D6BB02C12F96900AA8F2F /* HeaderView.swift */,
				1B3D6BB22C12FA6000AA8F2F /* FooterView.swift */,
				1B3D6BB92C12FCFB00AA8F2F /* GuideView.swift */,
			);
			path = View;
			sourceTree = "<group>";
		};
		1B3D6BB42C12FB2E00AA8F2F /* Component */ = {
			isa = PBXGroup;
			children = (
				1B3D6BB52C12FB3B00AA8F2F /* HeaderComponent.swift */,
				1B3D6BB72C12FBCD00AA8F2F /* GuideComponent.swift */,
			);
			path = Component;
			sourceTree = "<group>";
		};
		1B5F9B8B2C12BF7100FC7DB4 = {
			isa = PBXGroup;
			children = (
				1B5F9B962C12BF7100FC7DB4 /* Honeymoon */,
				1B5F9B952C12BF7100FC7DB4 /* Products */,
			);
			sourceTree = "<group>";
		};
		1B5F9B952C12BF7100FC7DB4 /* Products */ = {
			isa = PBXGroup;
			children = (
				1B5F9B942C12BF7100FC7DB4 /* Honeymoon.app */,
			);
			name = Products;
			sourceTree = "<group>";
		};
		1B5F9B962C12BF7100FC7DB4 /* Honeymoon */ = {
			isa = PBXGroup;
			children = (
				1B3D6BB42C12FB2E00AA8F2F /* Component */,
				1B3D6BA82C12C4B100AA8F2F /* Data */,
				1B3D6BA72C12C4AD00AA8F2F /* Model */,
				1B5F9BA52C12BFEF00FC7DB4 /* Sounds */,
				1B5F9B972C12BF7100FC7DB4 /* HoneymoonApp.swift */,
				1B3D6BAF2C12C51700AA8F2F /* View */,
				1B5F9B9B2C12BF7300FC7DB4 /* Assets.xcassets */,
				1B5F9B9D2C12BF7300FC7DB4 /* Preview Content */,
				1B5F9BA72C12C01A00FC7DB4 /* LaunchScreen.storyboard */,
			);
			path = Honeymoon;
			sourceTree = "<group>";
		};
		1B5F9B9D2C12BF7300FC7DB4 /* Preview Content */ = {
			isa = PBXGroup;
			children = (
				1B5F9B9E2C12BF7300FC7DB4 /* Preview Assets.xcassets */,
			);
			path = "Preview Content";
			sourceTree = "<group>";
		};
/* End PBXGroup section */

/* Begin PBXNativeTarget section */
		1B5F9B932C12BF7100FC7DB4 /* Honeymoon */ = {
			isa = PBXNativeTarget;
			buildConfigurationList = 1B5F9BA22C12BF7300FC7DB4 /* Build configuration list for PBXNativeTarget "Honeymoon" */;
			buildPhases = (
				1B5F9B902C12BF7100FC7DB4 /* Sources */,
				1B5F9B912C12BF7100FC7DB4 /* Frameworks */,
				1B5F9B922C12BF7100FC7DB4 /* Resources */,
			);
			buildRules = (
			);
			dependencies = (
			);
			name = Honeymoon;
			productName = Honeymoon;
			productReference = 1B5F9B942C12BF7100FC7DB4 /* Honeymoon.app */;
			productType = "com.apple.product-type.application";
		};
/* End PBXNativeTarget section */

/* Begin PBXProject section */
		1B5F9B8C2C12BF7100FC7DB4 /* Project object */ = {
			isa = PBXProject;
			attributes = {
				BuildIndependentTargetsInParallel = 1;
				LastSwiftUpdateCheck = 1540;
				LastUpgradeCheck = 1540;
				TargetAttributes = {
					1B5F9B932C12BF7100FC7DB4 = {
						CreatedOnToolsVersion = 15.4;
					};
				};
			};
			buildConfigurationList = 1B5F9B8F2C12BF7100FC7DB4 /* Build configuration list for PBXProject "Honeymoon" */;
			compatibilityVersion = "Xcode 14.0";
			developmentRegion = en;
			hasScannedForEncodings = 0;
			knownRegions = (
				en,
				Base,
			);
			mainGroup = 1B5F9B8B2C12BF7100FC7DB4;
			productRefGroup = 1B5F9B952C12BF7100FC7DB4 /* Products */;
			projectDirPath = "";
			projectRoot = "";
			targets = (
				1B5F9B932C12BF7100FC7DB4 /* Honeymoon */,
			);
		};
/* End PBXProject section */

/* Begin PBXResourcesBuildPhase section */
		1B5F9B922C12BF7100FC7DB4 /* Resources */ = {
			isa = PBXResourcesBuildPhase;
			buildActionMask = 2147483647;
			files = (
				1B5F9BA62C12BFEF00FC7DB4 /* Sounds in Resources */,
				1B5F9BA82C12C01A00FC7DB4 /* LaunchScreen.storyboard in Resources */,
				1B5F9B9F2C12BF7300FC7DB4 /* Preview Assets.xcassets in Resources */,
				1B5F9B9C2C12BF7300FC7DB4 /* Assets.xcassets in Resources */,
			);
			runOnlyForDeploymentPostprocessing = 0;
		};
/* End PBXResourcesBuildPhase section */

/* Begin PBXSourcesBuildPhase section */
		1B5F9B902C12BF7100FC7DB4 /* Sources */ = {
			isa = PBXSourcesBuildPhase;
			buildActionMask = 2147483647;
			files = (
				1B3D6BAC2C12C4C200AA8F2F /* HoneymoonModel.swift in Sources */,
				1B3D6BB32C12FA6000AA8F2F /* FooterView.swift in Sources */,
				1B3D6BB12C12F96900AA8F2F /* HeaderView.swift in Sources */,
				1B5F9B9A2C12BF7100FC7DB4 /* ContentView.swift in Sources */,
				1B3D6BB62C12FB3B00AA8F2F /* HeaderComponent.swift in Sources */,
				1B5F9B982C12BF7100FC7DB4 /* HoneymoonApp.swift in Sources */,
				1B3D6BAA2C12C4BA00AA8F2F /* HoneymoonData.swift in Sources */,
				1B3D6BAE2C12C51200AA8F2F /* CardView.swift in Sources */,
				1B3D6BB82C12FBCD00AA8F2F /* GuideComponent.swift in Sources */,
				1B3D6BBA2C12FCFB00AA8F2F /* GuideView.swift in Sources */,
			);
			runOnlyForDeploymentPostprocessing = 0;
		};
/* End PBXSourcesBuildPhase section */

/* Begin XCBuildConfiguration section */
		1B5F9BA02C12BF7300FC7DB4 /* Debug */ = {
			isa = XCBuildConfiguration;
			buildSettings = {
				ALWAYS_SEARCH_USER_PATHS = NO;
				ASSETCATALOG_COMPILER_GENERATE_SWIFT_ASSET_SYMBOL_EXTENSIONS = YES;
				CLANG_ANALYZER_NONNULL = YES;
				CLANG_ANALYZER_NUMBER_OBJECT_CONVERSION = YES_AGGRESSIVE;
				CLANG_CXX_LANGUAGE_STANDARD = "gnu++20";
				CLANG_ENABLE_MODULES = YES;
				CLANG_ENABLE_OBJC_ARC = YES;
				CLANG_ENABLE_OBJC_WEAK = YES;
				CLANG_WARN_BLOCK_CAPTURE_AUTORELEASING = YES;
				CLANG_WARN_BOOL_CONVERSION = YES;
				CLANG_WARN_COMMA = YES;
				CLANG_WARN_CONSTANT_CONVERSION = YES;
				CLANG_WARN_DEPRECATED_OBJC_IMPLEMENTATIONS = YES;
				CLANG_WARN_DIRECT_OBJC_ISA_USAGE = YES_ERROR;
				CLANG_WARN_DOCUMENTATION_COMMENTS = YES;
				CLANG_WARN_EMPTY_BODY = YES;
				CLANG_WARN_ENUM_CONVERSION = YES;
				CLANG_WARN_INFINITE_RECURSION = YES;
				CLANG_WARN_INT_CONVERSION = YES;
				CLANG_WARN_NON_LITERAL_NULL_CONVERSION = YES;
				CLANG_WARN_OBJC_IMPLICIT_RETAIN_SELF = YES;
				CLANG_WARN_OBJC_LITERAL_CONVERSION = YES;
				CLANG_WARN_OBJC_ROOT_CLASS = YES_ERROR;
				CLANG_WARN_QUOTED_INCLUDE_IN_FRAMEWORK_HEADER = YES;
				CLANG_WARN_RANGE_LOOP_ANALYSIS = YES;
				CLANG_WARN_STRICT_PROTOTYPES = YES;
				CLANG_WARN_SUSPICIOUS_MOVE = YES;
				CLANG_WARN_UNGUARDED_AVAILABILITY = YES_AGGRESSIVE;
				CLANG_WARN_UNREACHABLE_CODE = YES;
				CLANG_WARN__DUPLICATE_METHOD_MATCH = YES;
				COPY_PHASE_STRIP = NO;
				DEBUG_INFORMATION_FORMAT = dwarf;
				ENABLE_STRICT_OBJC_MSGSEND = YES;
				ENABLE_TESTABILITY = YES;
				ENABLE_USER_SCRIPT_SANDBOXING = YES;
				GCC_C_LANGUAGE_STANDARD = gnu17;
				GCC_DYNAMIC_NO_PIC = NO;
				GCC_NO_COMMON_BLOCKS = YES;
				GCC_OPTIMIZATION_LEVEL = 0;
				GCC_PREPROCESSOR_DEFINITIONS = (
					"DEBUG=1",
					"$(inherited)",
				);
				GCC_WARN_64_TO_32_BIT_CONVERSION = YES;
				GCC_WARN_ABOUT_RETURN_TYPE = YES_ERROR;
				GCC_WARN_UNDECLARED_SELECTOR = YES;
				GCC_WARN_UNINITIALIZED_AUTOS = YES_AGGRESSIVE;
				GCC_WARN_UNUSED_FUNCTION = YES;
				GCC_WARN_UNUSED_VARIABLE = YES;
				INFOPLIST_KEY_UILaunchStoryboardName = LaunchScreen;
				IPHONEOS_DEPLOYMENT_TARGET = 17.5;
				LOCALIZATION_PREFERS_STRING_CATALOGS = YES;
				MTL_ENABLE_DEBUG_INFO = INCLUDE_SOURCE;
				MTL_FAST_MATH = YES;
				ONLY_ACTIVE_ARCH = YES;
				SDKROOT = iphoneos;
				SWIFT_ACTIVE_COMPILATION_CONDITIONS = "DEBUG $(inherited)";
				SWIFT_OPTIMIZATION_LEVEL = "-Onone";
			};
			name = Debug;
		};
		1B5F9BA12C12BF7300FC7DB4 /* Release */ = {
			isa = XCBuildConfiguration;
			buildSettings = {
				ALWAYS_SEARCH_USER_PATHS = NO;
				ASSETCATALOG_COMPILER_GENERATE_SWIFT_ASSET_SYMBOL_EXTENSIONS = YES;
				CLANG_ANALYZER_NONNULL = YES;
				CLANG_ANALYZER_NUMBER_OBJECT_CONVERSION = YES_AGGRESSIVE;
				CLANG_CXX_LANGUAGE_STANDARD = "gnu++20";
				CLANG_ENABLE_MODULES = YES;
				CLANG_ENABLE_OBJC_ARC = YES;
				CLANG_ENABLE_OBJC_WEAK = YES;
				CLANG_WARN_BLOCK_CAPTURE_AUTORELEASING = YES;
				CLANG_WARN_BOOL_CONVERSION = YES;
				CLANG_WARN_COMMA = YES;
				CLANG_WARN_CONSTANT_CONVERSION = YES;
				CLANG_WARN_DEPRECATED_OBJC_IMPLEMENTATIONS = YES;
				CLANG_WARN_DIRECT_OBJC_ISA_USAGE = YES_ERROR;
				CLANG_WARN_DOCUMENTATION_COMMENTS = YES;
				CLANG_WARN_EMPTY_BODY = YES;
				CLANG_WARN_ENUM_CONVERSION = YES;
				CLANG_WARN_INFINITE_RECURSION = YES;
				CLANG_WARN_INT_CONVERSION = YES;
				CLANG_WARN_NON_LITERAL_NULL_CONVERSION = YES;
				CLANG_WARN_OBJC_IMPLICIT_RETAIN_SELF = YES;
				CLANG_WARN_OBJC_LITERAL_CONVERSION = YES;
				CLANG_WARN_OBJC_ROOT_CLASS = YES_ERROR;
				CLANG_WARN_QUOTED_INCLUDE_IN_FRAMEWORK_HEADER = YES;
				CLANG_WARN_RANGE_LOOP_ANALYSIS = YES;
				CLANG_WARN_STRICT_PROTOTYPES = YES;
				CLANG_WARN_SUSPICIOUS_MOVE = YES;
				CLANG_WARN_UNGUARDED_AVAILABILITY = YES_AGGRESSIVE;
				CLANG_WARN_UNREACHABLE_CODE = YES;
				CLANG_WARN__DUPLICATE_METHOD_MATCH = YES;
				COPY_PHASE_STRIP = NO;
				DEBUG_INFORMATION_FORMAT = "dwarf-with-dsym";
				ENABLE_NS_ASSERTIONS = NO;
				ENABLE_STRICT_OBJC_MSGSEND = YES;
				ENABLE_USER_SCRIPT_SANDBOXING = YES;
				GCC_C_LANGUAGE_STANDARD = gnu17;
				GCC_NO_COMMON_BLOCKS = YES;
				GCC_WARN_64_TO_32_BIT_CONVERSION = YES;
				GCC_WARN_ABOUT_RETURN_TYPE = YES_ERROR;
				GCC_WARN_UNDECLARED_SELECTOR = YES;
				GCC_WARN_UNINITIALIZED_AUTOS = YES_AGGRESSIVE;
				GCC_WARN_UNUSED_FUNCTION = YES;
				GCC_WARN_UNUSED_VARIABLE = YES;
				INFOPLIST_KEY_UILaunchStoryboardName = LaunchScreen;
				IPHONEOS_DEPLOYMENT_TARGET = 17.5;
				LOCALIZATION_PREFERS_STRING_CATALOGS = YES;
				MTL_ENABLE_DEBUG_INFO = NO;
				MTL_FAST_MATH = YES;
				SDKROOT = iphoneos;
				SWIFT_COMPILATION_MODE = wholemodule;
				VALIDATE_PRODUCT = YES;
			};
			name = Release;
		};
		1B5F9BA32C12BF7300FC7DB4 /* Debug */ = {
			isa = XCBuildConfiguration;
			buildSettings = {
				ASSETCATALOG_COMPILER_APPICON_NAME = AppIcon;
				ASSETCATALOG_COMPILER_GLOBAL_ACCENT_COLOR_NAME = AccentColor;
				CODE_SIGN_STYLE = Automatic;
				CURRENT_PROJECT_VERSION = 1;
				DEVELOPMENT_ASSET_PATHS = "\"Honeymoon/Preview Content\"";
				DEVELOPMENT_TEAM = B5M93369GD;
				ENABLE_PREVIEWS = YES;
				GENERATE_INFOPLIST_FILE = YES;
				INFOPLIST_KEY_UIApplicationSceneManifest_Generation = YES;
				INFOPLIST_KEY_UIApplicationSupportsIndirectInputEvents = YES;
				INFOPLIST_KEY_UILaunchScreen_Generation = YES;
				INFOPLIST_KEY_UISupportedInterfaceOrientations = UIInterfaceOrientationPortrait;
				INFOPLIST_KEY_UISupportedInterfaceOrientations_iPad = "UIInterfaceOrientationLandscapeLeft UIInterfaceOrientationLandscapeRight UIInterfaceOrientationPortrait UIInterfaceOrientationPortraitUpsideDown";
				LD_RUNPATH_SEARCH_PATHS = (
					"$(inherited)",
					"@executable_path/Frameworks",
				);
				MARKETING_VERSION = 1.0;
				PRODUCT_BUNDLE_IDENTIFIER = com.ppeper.Honeymoon;
				PRODUCT_NAME = "$(TARGET_NAME)";
				SWIFT_EMIT_LOC_STRINGS = YES;
				SWIFT_VERSION = 5.0;
				TARGETED_DEVICE_FAMILY = "1,2";
			};
			name = Debug;
		};
		1B5F9BA42C12BF7300FC7DB4 /* Release */ = {
			isa = XCBuildConfiguration;
			buildSettings = {
				ASSETCATALOG_COMPILER_APPICON_NAME = AppIcon;
				ASSETCATALOG_COMPILER_GLOBAL_ACCENT_COLOR_NAME = AccentColor;
				CODE_SIGN_STYLE = Automatic;
				CURRENT_PROJECT_VERSION = 1;
				DEVELOPMENT_ASSET_PATHS = "\"Honeymoon/Preview Content\"";
				DEVELOPMENT_TEAM = B5M93369GD;
				ENABLE_PREVIEWS = YES;
				GENERATE_INFOPLIST_FILE = YES;
				INFOPLIST_KEY_UIApplicationSceneManifest_Generation = YES;
				INFOPLIST_KEY_UIApplicationSupportsIndirectInputEvents = YES;
				INFOPLIST_KEY_UILaunchScreen_Generation = YES;
				INFOPLIST_KEY_UISupportedInterfaceOrientations = UIInterfaceOrientationPortrait;
				INFOPLIST_KEY_UISupportedInterfaceOrientations_iPad = "UIInterfaceOrientationLandscapeLeft UIInterfaceOrientationLandscapeRight UIInterfaceOrientationPortrait UIInterfaceOrientationPortraitUpsideDown";
				LD_RUNPATH_SEARCH_PATHS = (
					"$(inherited)",
					"@executable_path/Frameworks",
				);
				MARKETING_VERSION = 1.0;
				PRODUCT_BUNDLE_IDENTIFIER = com.ppeper.Honeymoon;
				PRODUCT_NAME = "$(TARGET_NAME)";
				SWIFT_EMIT_LOC_STRINGS = YES;
				SWIFT_VERSION = 5.0;
				TARGETED_DEVICE_FAMILY = "1,2";
			};
			name = Release;
		};
/* End XCBuildConfiguration section */

/* Begin XCConfigurationList section */
		1B5F9B8F2C12BF7100FC7DB4 /* Build configuration list for PBXProject "Honeymoon" */ = {
			isa = XCConfigurationList;
			buildConfigurations = (
				1B5F9BA02C12BF7300FC7DB4 /* Debug */,
				1B5F9BA12C12BF7300FC7DB4 /* Release */,
			);
			defaultConfigurationIsVisible = 0;
			defaultConfigurationName = Release;
		};
		1B5F9BA22C12BF7300FC7DB4 /* Build configuration list for PBXNativeTarget "Honeymoon" */ = {
			isa = XCConfigurationList;
			buildConfigurations = (
				1B5F9BA32C12BF7300FC7DB4 /* Debug */,
				1B5F9BA42C12BF7300FC7DB4 /* Release */,
			);
			defaultConfigurationIsVisible = 0;
			defaultConfigurationName = Release;
		};
/* End XCConfigurationList section */
	};
	rootObject = 1B5F9B8C2C12BF7100FC7DB4 /* Project object */;
}
